
Microsoft Visual Studio Solution File, Format Version 12.00
# Visual Studio Version 16
VisualStudioVersion = 16.0.31424.327
MinimumVisualStudioVersion = 10.0.40219.1
Project("{FAE04EC0-301F-11D3-BF4B-00C04F79EFBC}") = "Palitronica", "Palitronica.csproj", "{DB13CD9C-EAED-4E1B-93A5-D01C2F571670}"
EndProject
Global
	GlobalSection(SolutionConfigurationPlatforms) = preSolution
		Debug|Any CPU = Debug|Any CPU
		Release|Any CPU = Release|Any CPU
	EndGlobalSection
	GlobalSection(ProjectConfigurationPlatforms) = postSolution
		{DB13CD9C-EAED-4E1B-93A5-D01C2F571670}.Debug|Any CPU.ActiveCfg = Debug|Any CPU
		{DB13CD9C-EAED-4E1B-93A5-D01C2F571670}.Debug|Any CPU.Build.0 = Debug|Any CPU
		{DB13CD9C-EAED-4E1B-93A5-D01C2F571670}.Release|Any CPU.ActiveCfg = Release|Any CPU
		{DB13CD9C-EAED-4E1B-93A5-D01C2F571670}.Release|Any CPU.Build.0 = Release|Any CPU
	EndGlobalSection
	GlobalSection(SolutionProperties) = preSolution
		HideSolutionNode = FALSE
	EndGlobalSection
	GlobalSection(ExtensibilityGlobals) = postSolution
		SolutionGuid = {32B3F468-5027-4BF1-A89C-555FC47BF9EF}
	EndGlobalSection
EndGlobal
